
Microsoft Visual Studio Solution File, Format Version 12.00
# Visual Studio Version 16
VisualStudioVersion = 16.0.32126.315
MinimumVisualStudioVersion = 10.0.40219.1
Project("{9A19103F-16F7-4668-BE54-9A1E7A4F7556}") = "Chicken_Azure.Api", "Chicken_Azure.Api\Chicken_Azure.Api.csproj", "{5E291DF2-5798-4437-BD9A-DEE90ABC898B}"
EndProject
Project("{FAE04EC0-301F-11D3-BF4B-00C04F79EFBC}") = "Chicken_Azure.Core", "Chicken_Azure.Core\Chicken_Azure.Core.csproj", "{47AACD3A-0FC4-4D62-9C8E-1B2F4D43A9F6}"
EndProject
Project("{FAE04EC0-301F-11D3-BF4B-00C04F79EFBC}") = "Chicken_Azure.Infrastructure", "Chicken_Azure.Infrastructure\Chicken_Azure.Infrastructure.csproj", "{18AE13FB-22CF-4D35-B9B9-15DC0F3406EE}"
EndProject
Project("{FAE04EC0-301F-11D3-BF4B-00C04F79EFBC}") = "Chicken_Azure.Common", "Chicken_Azure.Common\Chicken_Azure.Common.csproj", "{D079028F-4E01-4549-882B-96F737B4743E}"
EndProject
Project("{FAE04EC0-301F-11D3-BF4B-00C04F79EFBC}") = "Chicken_Azure.Common.Mongo", "Chicken_Azure.Common.Mongo\Chicken_Azure.Common.Mongo.csproj", "{7580DB99-A020-4ED1-B6C3-34EC27A11B46}"
EndProject
Global
	GlobalSection(SolutionConfigurationPlatforms) = preSolution
		Debug|Any CPU = Debug|Any CPU
		Release|Any CPU = Release|Any CPU
	EndGlobalSection
	GlobalSection(ProjectConfigurationPlatforms) = postSolution
		{5E291DF2-5798-4437-BD9A-DEE90ABC898B}.Debug|Any CPU.ActiveCfg = Debug|Any CPU
		{5E291DF2-5798-4437-BD9A-DEE90ABC898B}.Debug|Any CPU.Build.0 = Debug|Any CPU
		{5E291DF2-5798-4437-BD9A-DEE90ABC898B}.Release|Any CPU.ActiveCfg = Release|Any CPU
		{5E291DF2-5798-4437-BD9A-DEE90ABC898B}.Release|Any CPU.Build.0 = Release|Any CPU
		{47AACD3A-0FC4-4D62-9C8E-1B2F4D43A9F6}.Debug|Any CPU.ActiveCfg = Debug|Any CPU
		{47AACD3A-0FC4-4D62-9C8E-1B2F4D43A9F6}.Debug|Any CPU.Build.0 = Debug|Any CPU
		{47AACD3A-0FC4-4D62-9C8E-1B2F4D43A9F6}.Release|Any CPU.ActiveCfg = Release|Any CPU
		{47AACD3A-0FC4-4D62-9C8E-1B2F4D43A9F6}.Release|Any CPU.Build.0 = Release|Any CPU
		{18AE13FB-22CF-4D35-B9B9-15DC0F3406EE}.Debug|Any CPU.ActiveCfg = Debug|Any CPU
		{18AE13FB-22CF-4D35-B9B9-15DC0F3406EE}.Debug|Any CPU.Build.0 = Debug|Any CPU
		{18AE13FB-22CF-4D35-B9B9-15DC0F3406EE}.Release|Any CPU.ActiveCfg = Release|Any CPU
		{18AE13FB-22CF-4D35-B9B9-15DC0F3406EE}.Release|Any CPU.Build.0 = Release|Any CPU
		{D079028F-4E01-4549-882B-96F737B4743E}.Debug|Any CPU.ActiveCfg = Debug|Any CPU
		{D079028F-4E01-4549-882B-96F737B4743E}.Debug|Any CPU.Build.0 = Debug|Any CPU
		{D079028F-4E01-4549-882B-96F737B4743E}.Release|Any CPU.ActiveCfg = Release|Any CPU
		{D079028F-4E01-4549-882B-96F737B4743E}.Release|Any CPU.Build.0 = Release|Any CPU
		{7580DB99-A020-4ED1-B6C3-34EC27A11B46}.Debug|Any CPU.ActiveCfg = Debug|Any CPU
		{7580DB99-A020-4ED1-B6C3-34EC27A11B46}.Debug|Any CPU.Build.0 = Debug|Any CPU
		{7580DB99-A020-4ED1-B6C3-34EC27A11B46}.Release|Any CPU.ActiveCfg = Release|Any CPU
		{7580DB99-A020-4ED1-B6C3-34EC27A11B46}.Release|Any CPU.Build.0 = Release|Any CPU
	EndGlobalSection
	GlobalSection(SolutionProperties) = preSolution
		HideSolutionNode = FALSE
	EndGlobalSection
	GlobalSection(ExtensibilityGlobals) = postSolution
		SolutionGuid = {A90D50CB-0344-471E-8760-ED61E6C0C564}
	EndGlobalSection
EndGlobal
